
Microsoft Visual Studio Solution File, Format Version 12.00
# Visual Studio Version 16
VisualStudioVersion = 16.0.30114.105
MinimumVisualStudioVersion = 10.0.40219.1
Project("{2150E333-8FDC-42A3-9474-1A3956D46DE8}") = "src", "src", "{59B4EAEC-EA99-4F7B-A434-296868373D36}"
EndProject
Project("{2150E333-8FDC-42A3-9474-1A3956D46DE8}") = "Core", "Core", "{21DF46B9-CF89-401D-BBD4-0D8EAE1F99B8}"
EndProject
Project("{FAE04EC0-301F-11D3-BF4B-00C04F79EFBC}") = "Application", "src\Core\Application\Application.csproj", "{E6D1D512-4015-46BA-8F21-8496A7928702}"
EndProject
Project("{FAE04EC0-301F-11D3-BF4B-00C04F79EFBC}") = "Domain", "src\Core\Domain\Domain.csproj", "{AA3CD3CF-CBEF-43AD-ADF3-91882C0A3253}"
EndProject
Project("{2150E333-8FDC-42A3-9474-1A3956D46DE8}") = "Infrastructure", "Infrastructure", "{14148277-B850-43E1-BC79-59371C79E730}"
EndProject
Project("{FAE04EC0-301F-11D3-BF4B-00C04F79EFBC}") = "Persistence", "src\Infrastructure\Persistence\Persistence.csproj", "{77F2A1B8-D329-4B22-8D10-3D3C73812986}"
EndProject
Project("{FAE04EC0-301F-11D3-BF4B-00C04F79EFBC}") = "Shared", "src\Infrastructure\Shared\Shared.csproj", "{41622109-25D0-4DAF-B701-5616EFFEE967}"
EndProject
Project("{2150E333-8FDC-42A3-9474-1A3956D46DE8}") = "Presentation", "Presentation", "{E380DDD5-6ED4-442A-B009-F7F0E36A3D92}"
EndProject
Project("{FAE04EC0-301F-11D3-BF4B-00C04F79EFBC}") = "WebApi", "src\Presentation\WebApi\WebApi.csproj", "{E3544B79-50C9-4EA1-9E93-0C257962D48A}"
EndProject
Project("{FAE04EC0-301F-11D3-BF4B-00C04F79EFBC}") = "Identity", "src\Infrastructure\Identity\Identity.csproj", "{742B079D-E2B9-4C82-8842-0C8D42F4A480}"
EndProject
Global
	GlobalSection(SolutionConfigurationPlatforms) = preSolution
		Debug|Any CPU = Debug|Any CPU
		Release|Any CPU = Release|Any CPU
	EndGlobalSection
	GlobalSection(SolutionProperties) = preSolution
		HideSolutionNode = FALSE
	EndGlobalSection
	GlobalSection(ProjectConfigurationPlatforms) = postSolution
		{E6D1D512-4015-46BA-8F21-8496A7928702}.Debug|Any CPU.ActiveCfg = Debug|Any CPU
		{E6D1D512-4015-46BA-8F21-8496A7928702}.Debug|Any CPU.Build.0 = Debug|Any CPU
		{E6D1D512-4015-46BA-8F21-8496A7928702}.Release|Any CPU.ActiveCfg = Release|Any CPU
		{E6D1D512-4015-46BA-8F21-8496A7928702}.Release|Any CPU.Build.0 = Release|Any CPU
		{AA3CD3CF-CBEF-43AD-ADF3-91882C0A3253}.Debug|Any CPU.ActiveCfg = Debug|Any CPU
		{AA3CD3CF-CBEF-43AD-ADF3-91882C0A3253}.Debug|Any CPU.Build.0 = Debug|Any CPU
		{AA3CD3CF-CBEF-43AD-ADF3-91882C0A3253}.Release|Any CPU.ActiveCfg = Release|Any CPU
		{AA3CD3CF-CBEF-43AD-ADF3-91882C0A3253}.Release|Any CPU.Build.0 = Release|Any CPU
		{77F2A1B8-D329-4B22-8D10-3D3C73812986}.Debug|Any CPU.ActiveCfg = Debug|Any CPU
		{77F2A1B8-D329-4B22-8D10-3D3C73812986}.Debug|Any CPU.Build.0 = Debug|Any CPU
		{77F2A1B8-D329-4B22-8D10-3D3C73812986}.Release|Any CPU.ActiveCfg = Release|Any CPU
		{77F2A1B8-D329-4B22-8D10-3D3C73812986}.Release|Any CPU.Build.0 = Release|Any CPU
		{41622109-25D0-4DAF-B701-5616EFFEE967}.Debug|Any CPU.ActiveCfg = Debug|Any CPU
		{41622109-25D0-4DAF-B701-5616EFFEE967}.Debug|Any CPU.Build.0 = Debug|Any CPU
		{41622109-25D0-4DAF-B701-5616EFFEE967}.Release|Any CPU.ActiveCfg = Release|Any CPU
		{41622109-25D0-4DAF-B701-5616EFFEE967}.Release|Any CPU.Build.0 = Release|Any CPU
		{E3544B79-50C9-4EA1-9E93-0C257962D48A}.Debug|Any CPU.ActiveCfg = Debug|Any CPU
		{E3544B79-50C9-4EA1-9E93-0C257962D48A}.Debug|Any CPU.Build.0 = Debug|Any CPU
		{E3544B79-50C9-4EA1-9E93-0C257962D48A}.Release|Any CPU.ActiveCfg = Release|Any CPU
		{E3544B79-50C9-4EA1-9E93-0C257962D48A}.Release|Any CPU.Build.0 = Release|Any CPU
		{742B079D-E2B9-4C82-8842-0C8D42F4A480}.Debug|Any CPU.ActiveCfg = Debug|Any CPU
		{742B079D-E2B9-4C82-8842-0C8D42F4A480}.Debug|Any CPU.Build.0 = Debug|Any CPU
		{742B079D-E2B9-4C82-8842-0C8D42F4A480}.Release|Any CPU.ActiveCfg = Release|Any CPU
		{742B079D-E2B9-4C82-8842-0C8D42F4A480}.Release|Any CPU.Build.0 = Release|Any CPU
	EndGlobalSection
	GlobalSection(NestedProjects) = preSolution
		{21DF46B9-CF89-401D-BBD4-0D8EAE1F99B8} = {59B4EAEC-EA99-4F7B-A434-296868373D36}
		{E6D1D512-4015-46BA-8F21-8496A7928702} = {21DF46B9-CF89-401D-BBD4-0D8EAE1F99B8}
		{AA3CD3CF-CBEF-43AD-ADF3-91882C0A3253} = {21DF46B9-CF89-401D-BBD4-0D8EAE1F99B8}
		{14148277-B850-43E1-BC79-59371C79E730} = {59B4EAEC-EA99-4F7B-A434-296868373D36}
		{77F2A1B8-D329-4B22-8D10-3D3C73812986} = {14148277-B850-43E1-BC79-59371C79E730}
		{41622109-25D0-4DAF-B701-5616EFFEE967} = {14148277-B850-43E1-BC79-59371C79E730}
		{E380DDD5-6ED4-442A-B009-F7F0E36A3D92} = {59B4EAEC-EA99-4F7B-A434-296868373D36}
		{E3544B79-50C9-4EA1-9E93-0C257962D48A} = {E380DDD5-6ED4-442A-B009-F7F0E36A3D92}
		{742B079D-E2B9-4C82-8842-0C8D42F4A480} = {14148277-B850-43E1-BC79-59371C79E730}
	EndGlobalSection
EndGlobal
